
Microsoft Visual Studio Solution File, Format Version 12.00
# Visual Studio Version 17
VisualStudioVersion = 17.0.31903.59
MinimumVisualStudioVersion = 10.0.40219.1
Project("{FAE04EC0-301F-11D3-BF4B-00C04F79EFBC}") = "AppDrugsV2.Domain", "AppDrugsV2.Domain\AppDrugsV2.Domain.csproj", "{DDBC80B8-904C-448F-8783-BBA070973365}"
EndProject
Project("{FAE04EC0-301F-11D3-BF4B-00C04F79EFBC}") = "AppDrugsV2.Application", "AppDrugsV2.Application\AppDrugsV2.Application.csproj", "{01271973-E4EA-4B68-8290-90860B920FFC}"
EndProject
Project("{FAE04EC0-301F-11D3-BF4B-00C04F79EFBC}") = "AppDrugsV2.Infrastructure", "AppDrugsV2.Infrastructure\AppDrugsV2.Infrastructure.csproj", "{1F8CBD06-C34A-41F9-8CED-28445491334A}"
EndProject
Project("{FAE04EC0-301F-11D3-BF4B-00C04F79EFBC}") = "AppDrugsV2.Api", "AppDrugsV2.Api\AppDrugsV2.Api.csproj", "{8B694324-A983-4771-BECD-F17DE729AC3D}"
EndProject
Global
	GlobalSection(SolutionConfigurationPlatforms) = preSolution
		Debug|Any CPU = Debug|Any CPU
		Debug|x64 = Debug|x64
		Debug|x86 = Debug|x86
		Release|Any CPU = Release|Any CPU
		Release|x64 = Release|x64
		Release|x86 = Release|x86
	EndGlobalSection
	GlobalSection(ProjectConfigurationPlatforms) = postSolution
		{DDBC80B8-904C-448F-8783-BBA070973365}.Debug|Any CPU.ActiveCfg = Debug|Any CPU
		{DDBC80B8-904C-448F-8783-BBA070973365}.Debug|Any CPU.Build.0 = Debug|Any CPU
		{DDBC80B8-904C-448F-8783-BBA070973365}.Debug|x64.ActiveCfg = Debug|Any CPU
		{DDBC80B8-904C-448F-8783-BBA070973365}.Debug|x64.Build.0 = Debug|Any CPU
		{DDBC80B8-904C-448F-8783-BBA070973365}.Debug|x86.ActiveCfg = Debug|Any CPU
		{DDBC80B8-904C-448F-8783-BBA070973365}.Debug|x86.Build.0 = Debug|Any CPU
		{DDBC80B8-904C-448F-8783-BBA070973365}.Release|Any CPU.ActiveCfg = Release|Any CPU
		{DDBC80B8-904C-448F-8783-BBA070973365}.Release|Any CPU.Build.0 = Release|Any CPU
		{DDBC80B8-904C-448F-8783-BBA070973365}.Release|x64.ActiveCfg = Release|Any CPU
		{DDBC80B8-904C-448F-8783-BBA070973365}.Release|x64.Build.0 = Release|Any CPU
		{DDBC80B8-904C-448F-8783-BBA070973365}.Release|x86.ActiveCfg = Release|Any CPU
		{DDBC80B8-904C-448F-8783-BBA070973365}.Release|x86.Build.0 = Release|Any CPU
		{01271973-E4EA-4B68-8290-90860B920FFC}.Debug|Any CPU.ActiveCfg = Debug|Any CPU
		{01271973-E4EA-4B68-8290-90860B920FFC}.Debug|Any CPU.Build.0 = Debug|Any CPU
		{01271973-E4EA-4B68-8290-90860B920FFC}.Debug|x64.ActiveCfg = Debug|Any CPU
		{01271973-E4EA-4B68-8290-90860B920FFC}.Debug|x64.Build.0 = Debug|Any CPU
		{01271973-E4EA-4B68-8290-90860B920FFC}.Debug|x86.ActiveCfg = Debug|Any CPU
		{01271973-E4EA-4B68-8290-90860B920FFC}.Debug|x86.Build.0 = Debug|Any CPU
		{01271973-E4EA-4B68-8290-90860B920FFC}.Release|Any CPU.ActiveCfg = Release|Any CPU
		{01271973-E4EA-4B68-8290-90860B920FFC}.Release|Any CPU.Build.0 = Release|Any CPU
		{01271973-E4EA-4B68-8290-90860B920FFC}.Release|x64.ActiveCfg = Release|Any CPU
		{01271973-E4EA-4B68-8290-90860B920FFC}.Release|x64.Build.0 = Release|Any CPU
		{01271973-E4EA-4B68-8290-90860B920FFC}.Release|x86.ActiveCfg = Release|Any CPU
		{01271973-E4EA-4B68-8290-90860B920FFC}.Release|x86.Build.0 = Release|Any CPU
		{1F8CBD06-C34A-41F9-8CED-28445491334A}.Debug|Any CPU.ActiveCfg = Debug|Any CPU
		{1F8CBD06-C34A-41F9-8CED-28445491334A}.Debug|Any CPU.Build.0 = Debug|Any CPU
		{1F8CBD06-C34A-41F9-8CED-28445491334A}.Debug|x64.ActiveCfg = Debug|Any CPU
		{1F8CBD06-C34A-41F9-8CED-28445491334A}.Debug|x64.Build.0 = Debug|Any CPU
		{1F8CBD06-C34A-41F9-8CED-28445491334A}.Debug|x86.ActiveCfg = Debug|Any CPU
		{1F8CBD06-C34A-41F9-8CED-28445491334A}.Debug|x86.Build.0 = Debug|Any CPU
		{1F8CBD06-C34A-41F9-8CED-28445491334A}.Release|Any CPU.ActiveCfg = Release|Any CPU
		{1F8CBD06-C34A-41F9-8CED-28445491334A}.Release|Any CPU.Build.0 = Release|Any CPU
		{1F8CBD06-C34A-41F9-8CED-28445491334A}.Release|x64.ActiveCfg = Release|Any CPU
		{1F8CBD06-C34A-41F9-8CED-28445491334A}.Release|x64.Build.0 = Release|Any CPU
		{1F8CBD06-C34A-41F9-8CED-28445491334A}.Release|x86.ActiveCfg = Release|Any CPU
		{1F8CBD06-C34A-41F9-8CED-28445491334A}.Release|x86.Build.0 = Release|Any CPU
		{8B694324-A983-4771-BECD-F17DE729AC3D}.Debug|Any CPU.ActiveCfg = Debug|Any CPU
		{8B694324-A983-4771-BECD-F17DE729AC3D}.Debug|Any CPU.Build.0 = Debug|Any CPU
		{8B694324-A983-4771-BECD-F17DE729AC3D}.Debug|x64.ActiveCfg = Debug|Any CPU
		{8B694324-A983-4771-BECD-F17DE729AC3D}.Debug|x64.Build.0 = Debug|Any CPU
		{8B694324-A983-4771-BECD-F17DE729AC3D}.Debug|x86.ActiveCfg = Debug|Any CPU
		{8B694324-A983-4771-BECD-F17DE729AC3D}.Debug|x86.Build.0 = Debug|Any CPU
		{8B694324-A983-4771-BECD-F17DE729AC3D}.Release|Any CPU.ActiveCfg = Release|Any CPU
		{8B694324-A983-4771-BECD-F17DE729AC3D}.Release|Any CPU.Build.0 = Release|Any CPU
		{8B694324-A983-4771-BECD-F17DE729AC3D}.Release|x64.ActiveCfg = Release|Any CPU
		{8B694324-A983-4771-BECD-F17DE729AC3D}.Release|x64.Build.0 = Release|Any CPU
		{8B694324-A983-4771-BECD-F17DE729AC3D}.Release|x86.ActiveCfg = Release|Any CPU
		{8B694324-A983-4771-BECD-F17DE729AC3D}.Release|x86.Build.0 = Release|Any CPU
	EndGlobalSection
	GlobalSection(SolutionProperties) = preSolution
		HideSolutionNode = FALSE
	EndGlobalSection
EndGlobal
